
Microsoft Visual Studio Solution File, Format Version 12.00
Project("{FAE04EC0-301F-11D3-BF4B-00C04F79EFBC}") = "guzman.joaquin.MP06.UF04.NET.Acces.Dades.Postgres", "guzman.joaquin.MP06.UF04.NET.Acces.Dades.Postgres\guzman.joaquin.MP06.UF04.NET.Acces.Dades.Postgres.csproj", "{D9F637D6-2F93-48E0-94A1-6C0BAA8975E4}"
EndProject
Global
	GlobalSection(SolutionConfigurationPlatforms) = preSolution
		Debug|Any CPU = Debug|Any CPU
		Release|Any CPU = Release|Any CPU
	EndGlobalSection
	GlobalSection(ProjectConfigurationPlatforms) = postSolution
		{D9F637D6-2F93-48E0-94A1-6C0BAA8975E4}.Debug|Any CPU.ActiveCfg = Debug|Any CPU
		{D9F637D6-2F93-48E0-94A1-6C0BAA8975E4}.Debug|Any CPU.Build.0 = Debug|Any CPU
		{D9F637D6-2F93-48E0-94A1-6C0BAA8975E4}.Release|Any CPU.ActiveCfg = Release|Any CPU
		{D9F637D6-2F93-48E0-94A1-6C0BAA8975E4}.Release|Any CPU.Build.0 = Release|Any CPU
	EndGlobalSection
EndGlobal
